
Microsoft Visual Studio Solution File, Format Version 12.00
# Visual Studio 15
VisualStudioVersion = 15.0.27703.2047
MinimumVisualStudioVersion = 10.0.40219.1
Project("{FAE04EC0-301F-11D3-BF4B-00C04F79EFBC}") = "ImouRentACar", "ImouRentACar\ImouRentACar.csproj", "{7DC0E2F9-50E5-4BB6-B614-F7710F5547F4}"
EndProject
Global
	GlobalSection(SolutionConfigurationPlatforms) = preSolution
		Debug|Any CPU = Debug|Any CPU
		Release|Any CPU = Release|Any CPU
	EndGlobalSection
	GlobalSection(ProjectConfigurationPlatforms) = postSolution
		{7DC0E2F9-50E5-4BB6-B614-F7710F5547F4}.Debug|Any CPU.ActiveCfg = Debug|Any CPU
		{7DC0E2F9-50E5-4BB6-B614-F7710F5547F4}.Debug|Any CPU.Build.0 = Debug|Any CPU
		{7DC0E2F9-50E5-4BB6-B614-F7710F5547F4}.Release|Any CPU.ActiveCfg = Release|Any CPU
		{7DC0E2F9-50E5-4BB6-B614-F7710F5547F4}.Release|Any CPU.Build.0 = Release|Any CPU
	EndGlobalSection
	GlobalSection(SolutionProperties) = preSolution
		HideSolutionNode = FALSE
	EndGlobalSection
	GlobalSection(ExtensibilityGlobals) = postSolution
		SolutionGuid = {4E8972BE-1C4F-4136-BC41-8343CD88DDE0}
	EndGlobalSection
EndGlobal
